
Microsoft Visual Studio Solution File, Format Version 12.00
# Visual Studio Version 16
VisualStudioVersion = 16.0.30611.23
MinimumVisualStudioVersion = 10.0.40219.1
Project("{FAE04EC0-301F-11D3-BF4B-00C04F79EFBC}") = "Covaciu_Carla_Lab8", "Covaciu_Carla_Lab8.csproj", "{DDC0D4D9-5240-4E20-8F23-56B5BBF41E07}"
EndProject
Global
	GlobalSection(SolutionConfigurationPlatforms) = preSolution
		Debug|Any CPU = Debug|Any CPU
		Release|Any CPU = Release|Any CPU
	EndGlobalSection
	GlobalSection(ProjectConfigurationPlatforms) = postSolution
		{DDC0D4D9-5240-4E20-8F23-56B5BBF41E07}.Debug|Any CPU.ActiveCfg = Debug|Any CPU
		{DDC0D4D9-5240-4E20-8F23-56B5BBF41E07}.Debug|Any CPU.Build.0 = Debug|Any CPU
		{DDC0D4D9-5240-4E20-8F23-56B5BBF41E07}.Release|Any CPU.ActiveCfg = Release|Any CPU
		{DDC0D4D9-5240-4E20-8F23-56B5BBF41E07}.Release|Any CPU.Build.0 = Release|Any CPU
	EndGlobalSection
	GlobalSection(SolutionProperties) = preSolution
		HideSolutionNode = FALSE
	EndGlobalSection
	GlobalSection(ExtensibilityGlobals) = postSolution
		SolutionGuid = {0E307C73-FCF0-4552-B43B-50B9E17D118B}
	EndGlobalSection
EndGlobal
